
Microsoft Visual Studio Solution File, Format Version 12.00
# Visual Studio 15
VisualStudioVersion = 15.0.26730.10
MinimumVisualStudioVersion = 10.0.40219.1

Project("{6EC3EE1D-3C4E-46DD-8F32-0CC8E7565705}") = "FabulousChat", "FabulousChat\FabulousChat.fsproj", "{B2296C38-894F-4D92-A35C-FC627620C17D}"
EndProject

Project("{F2A71F9B-5D33-465A-A702-920D77279786}") = "FabulousChat.Android", "FabulousChat.Android\FabulousChat.Android.fsproj", "{60A20F5C-A167-4E32-9BAB-3F3962C2FAD5}"
EndProject


Project("{F2A71F9B-5D33-465A-A702-920D77279786}") = "FabulousChat.iOS", "FabulousChat.iOS\FabulousChat.iOS.fsproj", "{10FB3C9A-A85E-4CB7-9AB7-17FBED263525}"
EndProject

Project("{F2A71F9B-5D33-465A-A702-920D77279786}") = "FabulousChat.macOS", "FabulousChat.macOS\FabulousChat.macOS.fsproj", "{61D1F0B0-5AED-4CE7-89D6-72242736995F}"
EndProject


Project("{FAE04EC0-301F-11D3-BF4B-00C04F79EFBC}") = "FabulousChat.UWP", "FabulousChat.UWP\FabulousChat.UWP.csproj", "{42EA621C-A990-4A8F-9637-89CA7664D577}"
EndProject

Global
	GlobalSection(SolutionConfigurationPlatforms) = preSolution
		Ad-Hoc|Any CPU = Ad-Hoc|Any CPU
		Ad-Hoc|ARM = Ad-Hoc|ARM
		Ad-Hoc|iPhone = Ad-Hoc|iPhone
		Ad-Hoc|iPhoneSimulator = Ad-Hoc|iPhoneSimulator
		Ad-Hoc|x64 = Ad-Hoc|x64
		Ad-Hoc|x86 = Ad-Hoc|x86
		AppStore|Any CPU = AppStore|Any CPU
		AppStore|ARM = AppStore|ARM
		AppStore|iPhone = AppStore|iPhone
		AppStore|iPhoneSimulator = AppStore|iPhoneSimulator
		AppStore|x64 = AppStore|x64
		AppStore|x86 = AppStore|x86
		Debug|Any CPU = Debug|Any CPU
		Debug|ARM = Debug|ARM
		Debug|iPhone = Debug|iPhone
		Debug|iPhoneSimulator = Debug|iPhoneSimulator
		Debug|x64 = Debug|x64
		Debug|x86 = Debug|x86
		Release|Any CPU = Release|Any CPU
		Release|ARM = Release|ARM
		Release|iPhone = Release|iPhone
		Release|iPhoneSimulator = Release|iPhoneSimulator
		Release|x64 = Release|x64
		Release|x86 = Release|x86
	EndGlobalSection
	GlobalSection(ProjectConfigurationPlatforms) = postSolution
		{B2296C38-894F-4D92-A35C-FC627620C17D}.Ad-Hoc|Any CPU.ActiveCfg = Debug|Any CPU
		{B2296C38-894F-4D92-A35C-FC627620C17D}.Ad-Hoc|Any CPU.Build.0 = Debug|Any CPU
		{B2296C38-894F-4D92-A35C-FC627620C17D}.Ad-Hoc|ARM.ActiveCfg = Debug|Any CPU
		{B2296C38-894F-4D92-A35C-FC627620C17D}.Ad-Hoc|ARM.Build.0 = Debug|Any CPU
		{B2296C38-894F-4D92-A35C-FC627620C17D}.Ad-Hoc|iPhone.ActiveCfg = Debug|Any CPU
		{B2296C38-894F-4D92-A35C-FC627620C17D}.Ad-Hoc|iPhone.Build.0 = Debug|Any CPU
		{B2296C38-894F-4D92-A35C-FC627620C17D}.Ad-Hoc|iPhoneSimulator.ActiveCfg = Debug|Any CPU
		{B2296C38-894F-4D92-A35C-FC627620C17D}.Ad-Hoc|iPhoneSimulator.Build.0 = Debug|Any CPU
		{B2296C38-894F-4D92-A35C-FC627620C17D}.Ad-Hoc|x64.ActiveCfg = Debug|Any CPU
		{B2296C38-894F-4D92-A35C-FC627620C17D}.Ad-Hoc|x64.Build.0 = Debug|Any CPU
		{B2296C38-894F-4D92-A35C-FC627620C17D}.Ad-Hoc|x86.ActiveCfg = Debug|Any CPU
		{B2296C38-894F-4D92-A35C-FC627620C17D}.Ad-Hoc|x86.Build.0 = Debug|Any CPU
		{B2296C38-894F-4D92-A35C-FC627620C17D}.AppStore|Any CPU.ActiveCfg = Debug|Any CPU
		{B2296C38-894F-4D92-A35C-FC627620C17D}.AppStore|Any CPU.Build.0 = Debug|Any CPU
		{B2296C38-894F-4D92-A35C-FC627620C17D}.AppStore|ARM.ActiveCfg = Debug|Any CPU
		{B2296C38-894F-4D92-A35C-FC627620C17D}.AppStore|ARM.Build.0 = Debug|Any CPU
		{B2296C38-894F-4D92-A35C-FC627620C17D}.AppStore|iPhone.ActiveCfg = Debug|Any CPU
		{B2296C38-894F-4D92-A35C-FC627620C17D}.AppStore|iPhone.Build.0 = Debug|Any CPU
		{B2296C38-894F-4D92-A35C-FC627620C17D}.AppStore|iPhoneSimulator.ActiveCfg = Debug|Any CPU
		{B2296C38-894F-4D92-A35C-FC627620C17D}.AppStore|iPhoneSimulator.Build.0 = Debug|Any CPU
		{B2296C38-894F-4D92-A35C-FC627620C17D}.AppStore|x64.ActiveCfg = Debug|Any CPU
		{B2296C38-894F-4D92-A35C-FC627620C17D}.AppStore|x64.Build.0 = Debug|Any CPU
		{B2296C38-894F-4D92-A35C-FC627620C17D}.AppStore|x86.ActiveCfg = Debug|Any CPU
		{B2296C38-894F-4D92-A35C-FC627620C17D}.AppStore|x86.Build.0 = Debug|Any CPU
		{B2296C38-894F-4D92-A35C-FC627620C17D}.Debug|Any CPU.ActiveCfg = Debug|Any CPU
		{B2296C38-894F-4D92-A35C-FC627620C17D}.Debug|Any CPU.Build.0 = Debug|Any CPU
		{B2296C38-894F-4D92-A35C-FC627620C17D}.Debug|ARM.ActiveCfg = Debug|Any CPU
		{B2296C38-894F-4D92-A35C-FC627620C17D}.Debug|ARM.Build.0 = Debug|Any CPU
		{B2296C38-894F-4D92-A35C-FC627620C17D}.Debug|iPhone.ActiveCfg = Debug|Any CPU
		{B2296C38-894F-4D92-A35C-FC627620C17D}.Debug|iPhone.Build.0 = Debug|Any CPU
		{B2296C38-894F-4D92-A35C-FC627620C17D}.Debug|iPhoneSimulator.ActiveCfg = Debug|Any CPU
		{B2296C38-894F-4D92-A35C-FC627620C17D}.Debug|iPhoneSimulator.Build.0 = Debug|Any CPU
		{B2296C38-894F-4D92-A35C-FC627620C17D}.Debug|x64.ActiveCfg = Debug|Any CPU
		{B2296C38-894F-4D92-A35C-FC627620C17D}.Debug|x64.Build.0 = Debug|Any CPU
		{B2296C38-894F-4D92-A35C-FC627620C17D}.Debug|x86.ActiveCfg = Debug|Any CPU
		{B2296C38-894F-4D92-A35C-FC627620C17D}.Debug|x86.Build.0 = Debug|Any CPU
		{B2296C38-894F-4D92-A35C-FC627620C17D}.Release|Any CPU.ActiveCfg = Release|Any CPU
		{B2296C38-894F-4D92-A35C-FC627620C17D}.Release|Any CPU.Build.0 = Release|Any CPU
		{B2296C38-894F-4D92-A35C-FC627620C17D}.Release|ARM.ActiveCfg = Release|Any CPU
		{B2296C38-894F-4D92-A35C-FC627620C17D}.Release|ARM.Build.0 = Release|Any CPU
		{B2296C38-894F-4D92-A35C-FC627620C17D}.Release|iPhone.ActiveCfg = Release|Any CPU
		{B2296C38-894F-4D92-A35C-FC627620C17D}.Release|iPhone.Build.0 = Release|Any CPU
		{B2296C38-894F-4D92-A35C-FC627620C17D}.Release|iPhoneSimulator.ActiveCfg = Release|Any CPU
		{B2296C38-894F-4D92-A35C-FC627620C17D}.Release|iPhoneSimulator.Build.0 = Release|Any CPU
		{B2296C38-894F-4D92-A35C-FC627620C17D}.Release|x64.ActiveCfg = Release|Any CPU
		{B2296C38-894F-4D92-A35C-FC627620C17D}.Release|x64.Build.0 = Release|Any CPU
		{B2296C38-894F-4D92-A35C-FC627620C17D}.Release|x86.ActiveCfg = Release|Any CPU
		{B2296C38-894F-4D92-A35C-FC627620C17D}.Release|x86.Build.0 = Release|Any CPU
		{10FB3C9A-A85E-4CB7-9AB7-17FBED263525}.Ad-Hoc|Any CPU.ActiveCfg = Ad-Hoc|iPhone
		{10FB3C9A-A85E-4CB7-9AB7-17FBED263525}.Ad-Hoc|ARM.ActiveCfg = Ad-Hoc|iPhone
		{10FB3C9A-A85E-4CB7-9AB7-17FBED263525}.Ad-Hoc|iPhone.ActiveCfg = Ad-Hoc|iPhone
		{10FB3C9A-A85E-4CB7-9AB7-17FBED263525}.Ad-Hoc|iPhone.Build.0 = Ad-Hoc|iPhone
		{10FB3C9A-A85E-4CB7-9AB7-17FBED263525}.Ad-Hoc|iPhoneSimulator.ActiveCfg = Ad-Hoc|iPhoneSimulator
		{10FB3C9A-A85E-4CB7-9AB7-17FBED263525}.Ad-Hoc|iPhoneSimulator.Build.0 = Ad-Hoc|iPhoneSimulator
		{10FB3C9A-A85E-4CB7-9AB7-17FBED263525}.Ad-Hoc|x64.ActiveCfg = Ad-Hoc|iPhone
		{10FB3C9A-A85E-4CB7-9AB7-17FBED263525}.Ad-Hoc|x86.ActiveCfg = Ad-Hoc|iPhone
		{10FB3C9A-A85E-4CB7-9AB7-17FBED263525}.AppStore|Any CPU.ActiveCfg = AppStore|iPhone
		{10FB3C9A-A85E-4CB7-9AB7-17FBED263525}.AppStore|ARM.ActiveCfg = AppStore|iPhone
		{10FB3C9A-A85E-4CB7-9AB7-17FBED263525}.AppStore|iPhone.ActiveCfg = AppStore|iPhone
		{10FB3C9A-A85E-4CB7-9AB7-17FBED263525}.AppStore|iPhone.Build.0 = AppStore|iPhone
		{10FB3C9A-A85E-4CB7-9AB7-17FBED263525}.AppStore|iPhoneSimulator.ActiveCfg = AppStore|iPhoneSimulator
		{10FB3C9A-A85E-4CB7-9AB7-17FBED263525}.AppStore|iPhoneSimulator.Build.0 = AppStore|iPhoneSimulator
		{10FB3C9A-A85E-4CB7-9AB7-17FBED263525}.AppStore|x64.ActiveCfg = AppStore|iPhone
		{10FB3C9A-A85E-4CB7-9AB7-17FBED263525}.AppStore|x86.ActiveCfg = AppStore|iPhone
		{10FB3C9A-A85E-4CB7-9AB7-17FBED263525}.Debug|Any CPU.ActiveCfg = Debug|iPhone
		{10FB3C9A-A85E-4CB7-9AB7-17FBED263525}.Debug|ARM.ActiveCfg = Debug|iPhone
		{10FB3C9A-A85E-4CB7-9AB7-17FBED263525}.Debug|iPhone.ActiveCfg = Debug|iPhone
		{10FB3C9A-A85E-4CB7-9AB7-17FBED263525}.Debug|iPhone.Build.0 = Debug|iPhone
		{10FB3C9A-A85E-4CB7-9AB7-17FBED263525}.Debug|iPhoneSimulator.ActiveCfg = Debug|iPhoneSimulator
		{10FB3C9A-A85E-4CB7-9AB7-17FBED263525}.Debug|iPhoneSimulator.Build.0 = Debug|iPhoneSimulator
		{10FB3C9A-A85E-4CB7-9AB7-17FBED263525}.Debug|x64.ActiveCfg = Debug|iPhone
		{10FB3C9A-A85E-4CB7-9AB7-17FBED263525}.Debug|x86.ActiveCfg = Debug|iPhone
		{10FB3C9A-A85E-4CB7-9AB7-17FBED263525}.Release|Any CPU.ActiveCfg = Release|iPhone
		{10FB3C9A-A85E-4CB7-9AB7-17FBED263525}.Release|ARM.ActiveCfg = Release|iPhone
		{10FB3C9A-A85E-4CB7-9AB7-17FBED263525}.Release|iPhone.ActiveCfg = Release|iPhone
		{10FB3C9A-A85E-4CB7-9AB7-17FBED263525}.Release|iPhone.Build.0 = Release|iPhone
		{10FB3C9A-A85E-4CB7-9AB7-17FBED263525}.Release|iPhoneSimulator.ActiveCfg = Release|iPhoneSimulator
		{10FB3C9A-A85E-4CB7-9AB7-17FBED263525}.Release|iPhoneSimulator.Build.0 = Release|iPhoneSimulator
		{10FB3C9A-A85E-4CB7-9AB7-17FBED263525}.Release|x64.ActiveCfg = Release|iPhone
		{10FB3C9A-A85E-4CB7-9AB7-17FBED263525}.Release|x86.ActiveCfg = Release|iPhone
		{C40750B4-5619-4F2A-A949-6F944B6E455E}.Ad-Hoc|Any CPU.ActiveCfg = Release|x86
		{C40750B4-5619-4F2A-A949-6F944B6E455E}.Ad-Hoc|Any CPU.Build.0 = Release|x86
		{C40750B4-5619-4F2A-A949-6F944B6E455E}.Ad-Hoc|Any CPU.Deploy.0 = Release|x86
		{C40750B4-5619-4F2A-A949-6F944B6E455E}.Ad-Hoc|ARM.ActiveCfg = Release|ARM
		{C40750B4-5619-4F2A-A949-6F944B6E455E}.Ad-Hoc|ARM.Build.0 = Release|ARM
		{C40750B4-5619-4F2A-A949-6F944B6E455E}.Ad-Hoc|ARM.Deploy.0 = Release|ARM
		{C40750B4-5619-4F2A-A949-6F944B6E455E}.Ad-Hoc|iPhone.ActiveCfg = Release|x86
		{C40750B4-5619-4F2A-A949-6F944B6E455E}.Ad-Hoc|iPhone.Build.0 = Release|x86
		{C40750B4-5619-4F2A-A949-6F944B6E455E}.Ad-Hoc|iPhone.Deploy.0 = Release|x86
		{C40750B4-5619-4F2A-A949-6F944B6E455E}.Ad-Hoc|iPhoneSimulator.ActiveCfg = Release|x86
		{C40750B4-5619-4F2A-A949-6F944B6E455E}.Ad-Hoc|iPhoneSimulator.Build.0 = Release|x86
		{C40750B4-5619-4F2A-A949-6F944B6E455E}.Ad-Hoc|iPhoneSimulator.Deploy.0 = Release|x86
		{C40750B4-5619-4F2A-A949-6F944B6E455E}.Ad-Hoc|x64.ActiveCfg = Release|x64
		{C40750B4-5619-4F2A-A949-6F944B6E455E}.Ad-Hoc|x64.Build.0 = Release|x64
		{C40750B4-5619-4F2A-A949-6F944B6E455E}.Ad-Hoc|x64.Deploy.0 = Release|x64
		{C40750B4-5619-4F2A-A949-6F944B6E455E}.Ad-Hoc|x86.ActiveCfg = Release|x86
		{C40750B4-5619-4F2A-A949-6F944B6E455E}.Ad-Hoc|x86.Build.0 = Release|x86
		{C40750B4-5619-4F2A-A949-6F944B6E455E}.Ad-Hoc|x86.Deploy.0 = Release|x86
		{C40750B4-5619-4F2A-A949-6F944B6E455E}.AppStore|Any CPU.ActiveCfg = Release|x86
		{C40750B4-5619-4F2A-A949-6F944B6E455E}.AppStore|Any CPU.Build.0 = Release|x86
		{C40750B4-5619-4F2A-A949-6F944B6E455E}.AppStore|Any CPU.Deploy.0 = Release|x86
		{C40750B4-5619-4F2A-A949-6F944B6E455E}.AppStore|ARM.ActiveCfg = Release|ARM
		{C40750B4-5619-4F2A-A949-6F944B6E455E}.AppStore|ARM.Build.0 = Release|ARM
		{C40750B4-5619-4F2A-A949-6F944B6E455E}.AppStore|ARM.Deploy.0 = Release|ARM
		{C40750B4-5619-4F2A-A949-6F944B6E455E}.AppStore|iPhone.ActiveCfg = Release|x86
		{C40750B4-5619-4F2A-A949-6F944B6E455E}.AppStore|iPhone.Build.0 = Release|x86
		{C40750B4-5619-4F2A-A949-6F944B6E455E}.AppStore|iPhone.Deploy.0 = Release|x86
		{C40750B4-5619-4F2A-A949-6F944B6E455E}.AppStore|iPhoneSimulator.ActiveCfg = Release|x86
		{C40750B4-5619-4F2A-A949-6F944B6E455E}.AppStore|iPhoneSimulator.Build.0 = Release|x86
		{C40750B4-5619-4F2A-A949-6F944B6E455E}.AppStore|iPhoneSimulator.Deploy.0 = Release|x86
		{C40750B4-5619-4F2A-A949-6F944B6E455E}.AppStore|x64.ActiveCfg = Release|x64
		{C40750B4-5619-4F2A-A949-6F944B6E455E}.AppStore|x64.Build.0 = Release|x64
		{C40750B4-5619-4F2A-A949-6F944B6E455E}.AppStore|x64.Deploy.0 = Release|x64
		{C40750B4-5619-4F2A-A949-6F944B6E455E}.AppStore|x86.ActiveCfg = Release|x86
		{C40750B4-5619-4F2A-A949-6F944B6E455E}.AppStore|x86.Build.0 = Release|x86
		{C40750B4-5619-4F2A-A949-6F944B6E455E}.AppStore|x86.Deploy.0 = Release|x86
		{C40750B4-5619-4F2A-A949-6F944B6E455E}.Debug|Any CPU.ActiveCfg = Debug|x86
		{C40750B4-5619-4F2A-A949-6F944B6E455E}.Debug|ARM.ActiveCfg = Debug|ARM
		{C40750B4-5619-4F2A-A949-6F944B6E455E}.Debug|ARM.Build.0 = Debug|ARM
		{C40750B4-5619-4F2A-A949-6F944B6E455E}.Debug|ARM.Deploy.0 = Debug|ARM
		{C40750B4-5619-4F2A-A949-6F944B6E455E}.Debug|iPhone.ActiveCfg = Debug|x86
		{C40750B4-5619-4F2A-A949-6F944B6E455E}.Debug|iPhoneSimulator.ActiveCfg = Debug|x86
		{C40750B4-5619-4F2A-A949-6F944B6E455E}.Debug|x64.ActiveCfg = Debug|x64
		{C40750B4-5619-4F2A-A949-6F944B6E455E}.Debug|x64.Build.0 = Debug|x64
		{C40750B4-5619-4F2A-A949-6F944B6E455E}.Debug|x64.Deploy.0 = Debug|x64
		{C40750B4-5619-4F2A-A949-6F944B6E455E}.Debug|x86.ActiveCfg = Debug|x86
		{C40750B4-5619-4F2A-A949-6F944B6E455E}.Debug|x86.Build.0 = Debug|x86
		{C40750B4-5619-4F2A-A949-6F944B6E455E}.Debug|x86.Deploy.0 = Debug|x86
		{C40750B4-5619-4F2A-A949-6F944B6E455E}.Release|Any CPU.ActiveCfg = Release|x86
		{C40750B4-5619-4F2A-A949-6F944B6E455E}.Release|ARM.ActiveCfg = Release|ARM
		{C40750B4-5619-4F2A-A949-6F944B6E455E}.Release|ARM.Build.0 = Release|ARM
		{C40750B4-5619-4F2A-A949-6F944B6E455E}.Release|ARM.Deploy.0 = Release|ARM
		{C40750B4-5619-4F2A-A949-6F944B6E455E}.Release|iPhone.ActiveCfg = Release|x86
		{C40750B4-5619-4F2A-A949-6F944B6E455E}.Release|iPhoneSimulator.ActiveCfg = Release|x86
		{C40750B4-5619-4F2A-A949-6F944B6E455E}.Release|x64.ActiveCfg = Release|x64
		{C40750B4-5619-4F2A-A949-6F944B6E455E}.Release|x64.Build.0 = Release|x64
		{C40750B4-5619-4F2A-A949-6F944B6E455E}.Release|x64.Deploy.0 = Release|x64
		{C40750B4-5619-4F2A-A949-6F944B6E455E}.Release|x86.ActiveCfg = Release|x86
		{C40750B4-5619-4F2A-A949-6F944B6E455E}.Release|x86.Build.0 = Release|x86
		{C40750B4-5619-4F2A-A949-6F944B6E455E}.Release|x86.Deploy.0 = Release|x86
		{61D1F0B0-5AED-4CE7-89D6-72242736995F}.Ad-Hoc|Any CPU.ActiveCfg = Release|Any CPU
		{61D1F0B0-5AED-4CE7-89D6-72242736995F}.Ad-Hoc|Any CPU.Build.0 = Release|Any CPU
		{61D1F0B0-5AED-4CE7-89D6-72242736995F}.Ad-Hoc|ARM.ActiveCfg = Release|Any CPU
		{61D1F0B0-5AED-4CE7-89D6-72242736995F}.Ad-Hoc|ARM.Build.0 = Release|Any CPU
		{61D1F0B0-5AED-4CE7-89D6-72242736995F}.Ad-Hoc|iPhone.ActiveCfg = Release|Any CPU
		{61D1F0B0-5AED-4CE7-89D6-72242736995F}.Ad-Hoc|iPhone.Build.0 = Release|Any CPU
		{61D1F0B0-5AED-4CE7-89D6-72242736995F}.Ad-Hoc|iPhoneSimulator.ActiveCfg = Release|Any CPU
		{61D1F0B0-5AED-4CE7-89D6-72242736995F}.Ad-Hoc|iPhoneSimulator.Build.0 = Release|Any CPU
		{61D1F0B0-5AED-4CE7-89D6-72242736995F}.Ad-Hoc|x64.ActiveCfg = Release|Any CPU
		{61D1F0B0-5AED-4CE7-89D6-72242736995F}.Ad-Hoc|x64.Build.0 = Release|Any CPU
		{61D1F0B0-5AED-4CE7-89D6-72242736995F}.Ad-Hoc|x86.ActiveCfg = Release|Any CPU
		{61D1F0B0-5AED-4CE7-89D6-72242736995F}.Ad-Hoc|x86.Build.0 = Release|Any CPU
		{61D1F0B0-5AED-4CE7-89D6-72242736995F}.AppStore|Any CPU.ActiveCfg = Release|Any CPU
		{61D1F0B0-5AED-4CE7-89D6-72242736995F}.AppStore|Any CPU.Build.0 = Release|Any CPU
		{61D1F0B0-5AED-4CE7-89D6-72242736995F}.AppStore|ARM.ActiveCfg = Release|Any CPU
		{61D1F0B0-5AED-4CE7-89D6-72242736995F}.AppStore|ARM.Build.0 = Release|Any CPU
		{61D1F0B0-5AED-4CE7-89D6-72242736995F}.AppStore|iPhone.ActiveCfg = Release|Any CPU
		{61D1F0B0-5AED-4CE7-89D6-72242736995F}.AppStore|iPhone.Build.0 = Release|Any CPU
		{61D1F0B0-5AED-4CE7-89D6-72242736995F}.AppStore|iPhoneSimulator.ActiveCfg = Release|Any CPU
		{61D1F0B0-5AED-4CE7-89D6-72242736995F}.AppStore|iPhoneSimulator.Build.0 = Release|Any CPU
		{61D1F0B0-5AED-4CE7-89D6-72242736995F}.AppStore|x64.ActiveCfg = Release|Any CPU
		{61D1F0B0-5AED-4CE7-89D6-72242736995F}.AppStore|x64.Build.0 = Release|Any CPU
		{61D1F0B0-5AED-4CE7-89D6-72242736995F}.AppStore|x86.ActiveCfg = Release|Any CPU
		{61D1F0B0-5AED-4CE7-89D6-72242736995F}.AppStore|x86.Build.0 = Release|Any CPU
		{61D1F0B0-5AED-4CE7-89D6-72242736995F}.Debug|Any CPU.ActiveCfg = Debug|Any CPU
		{61D1F0B0-5AED-4CE7-89D6-72242736995F}.Debug|Any CPU.Build.0 = Debug|Any CPU
		{61D1F0B0-5AED-4CE7-89D6-72242736995F}.Debug|ARM.ActiveCfg = Debug|Any CPU
		{61D1F0B0-5AED-4CE7-89D6-72242736995F}.Debug|ARM.Build.0 = Debug|Any CPU
		{61D1F0B0-5AED-4CE7-89D6-72242736995F}.Debug|iPhone.ActiveCfg = Debug|Any CPU
		{61D1F0B0-5AED-4CE7-89D6-72242736995F}.Debug|iPhone.Build.0 = Debug|Any CPU
		{61D1F0B0-5AED-4CE7-89D6-72242736995F}.Debug|iPhoneSimulator.ActiveCfg = Debug|Any CPU
		{61D1F0B0-5AED-4CE7-89D6-72242736995F}.Debug|iPhoneSimulator.Build.0 = Debug|Any CPU
		{61D1F0B0-5AED-4CE7-89D6-72242736995F}.Debug|x64.ActiveCfg = Debug|Any CPU
		{61D1F0B0-5AED-4CE7-89D6-72242736995F}.Debug|x64.Build.0 = Debug|Any CPU
		{61D1F0B0-5AED-4CE7-89D6-72242736995F}.Debug|x86.ActiveCfg = Debug|Any CPU
		{61D1F0B0-5AED-4CE7-89D6-72242736995F}.Debug|x86.Build.0 = Debug|Any CPU
		{61D1F0B0-5AED-4CE7-89D6-72242736995F}.Release|Any CPU.ActiveCfg = Release|Any CPU
		{61D1F0B0-5AED-4CE7-89D6-72242736995F}.Release|Any CPU.Build.0 = Release|Any CPU
		{61D1F0B0-5AED-4CE7-89D6-72242736995F}.Release|ARM.ActiveCfg = Release|Any CPU
		{61D1F0B0-5AED-4CE7-89D6-72242736995F}.Release|ARM.Build.0 = Release|Any CPU
		{61D1F0B0-5AED-4CE7-89D6-72242736995F}.Release|iPhone.ActiveCfg = Release|Any CPU
		{61D1F0B0-5AED-4CE7-89D6-72242736995F}.Release|iPhone.Build.0 = Release|Any CPU
		{61D1F0B0-5AED-4CE7-89D6-72242736995F}.Release|iPhoneSimulator.ActiveCfg = Release|Any CPU
		{61D1F0B0-5AED-4CE7-89D6-72242736995F}.Release|iPhoneSimulator.Build.0 = Release|Any CPU
		{61D1F0B0-5AED-4CE7-89D6-72242736995F}.Release|x64.ActiveCfg = Release|Any CPU
		{61D1F0B0-5AED-4CE7-89D6-72242736995F}.Release|x64.Build.0 = Release|Any CPU
		{61D1F0B0-5AED-4CE7-89D6-72242736995F}.Release|x86.ActiveCfg = Release|Any CPU
		{61D1F0B0-5AED-4CE7-89D6-72242736995F}.Release|x86.Build.0 = Release|Any CPU
		{34568C74-8D7A-41DB-81B9-A845A85081E6}.Ad-Hoc|Any CPU.ActiveCfg = Release|Any CPU
		{34568C74-8D7A-41DB-81B9-A845A85081E6}.Ad-Hoc|Any CPU.Build.0 = Release|Any CPU
		{34568C74-8D7A-41DB-81B9-A845A85081E6}.Ad-Hoc|ARM.ActiveCfg = Release|Any CPU
		{34568C74-8D7A-41DB-81B9-A845A85081E6}.Ad-Hoc|ARM.Build.0 = Release|Any CPU
		{34568C74-8D7A-41DB-81B9-A845A85081E6}.Ad-Hoc|iPhone.ActiveCfg = Release|Any CPU
		{34568C74-8D7A-41DB-81B9-A845A85081E6}.Ad-Hoc|iPhone.Build.0 = Release|Any CPU
		{34568C74-8D7A-41DB-81B9-A845A85081E6}.Ad-Hoc|iPhoneSimulator.ActiveCfg = Release|Any CPU
		{34568C74-8D7A-41DB-81B9-A845A85081E6}.Ad-Hoc|iPhoneSimulator.Build.0 = Release|Any CPU
		{34568C74-8D7A-41DB-81B9-A845A85081E6}.Ad-Hoc|x64.ActiveCfg = Release|Any CPU
		{34568C74-8D7A-41DB-81B9-A845A85081E6}.Ad-Hoc|x64.Build.0 = Release|Any CPU
		{34568C74-8D7A-41DB-81B9-A845A85081E6}.Ad-Hoc|x86.ActiveCfg = Release|Any CPU
		{34568C74-8D7A-41DB-81B9-A845A85081E6}.Ad-Hoc|x86.Build.0 = Release|Any CPU
		{34568C74-8D7A-41DB-81B9-A845A85081E6}.AppStore|Any CPU.ActiveCfg = Release|Any CPU
		{34568C74-8D7A-41DB-81B9-A845A85081E6}.AppStore|Any CPU.Build.0 = Release|Any CPU
		{34568C74-8D7A-41DB-81B9-A845A85081E6}.AppStore|ARM.ActiveCfg = Release|Any CPU
		{34568C74-8D7A-41DB-81B9-A845A85081E6}.AppStore|ARM.Build.0 = Release|Any CPU
		{34568C74-8D7A-41DB-81B9-A845A85081E6}.AppStore|iPhone.ActiveCfg = Release|Any CPU
		{34568C74-8D7A-41DB-81B9-A845A85081E6}.AppStore|iPhone.Build.0 = Release|Any CPU
		{34568C74-8D7A-41DB-81B9-A845A85081E6}.AppStore|iPhoneSimulator.ActiveCfg = Release|Any CPU
		{34568C74-8D7A-41DB-81B9-A845A85081E6}.AppStore|iPhoneSimulator.Build.0 = Release|Any CPU
		{34568C74-8D7A-41DB-81B9-A845A85081E6}.AppStore|x64.ActiveCfg = Release|Any CPU
		{34568C74-8D7A-41DB-81B9-A845A85081E6}.AppStore|x64.Build.0 = Release|Any CPU
		{34568C74-8D7A-41DB-81B9-A845A85081E6}.AppStore|x86.ActiveCfg = Release|Any CPU
		{34568C74-8D7A-41DB-81B9-A845A85081E6}.AppStore|x86.Build.0 = Release|Any CPU
		{34568C74-8D7A-41DB-81B9-A845A85081E6}.Debug|Any CPU.ActiveCfg = Debug|Any CPU
		{34568C74-8D7A-41DB-81B9-A845A85081E6}.Debug|Any CPU.Build.0 = Debug|Any CPU
		{34568C74-8D7A-41DB-81B9-A845A85081E6}.Debug|ARM.ActiveCfg = Debug|Any CPU
		{34568C74-8D7A-41DB-81B9-A845A85081E6}.Debug|ARM.Build.0 = Debug|Any CPU
		{34568C74-8D7A-41DB-81B9-A845A85081E6}.Debug|iPhone.ActiveCfg = Debug|Any CPU
		{34568C74-8D7A-41DB-81B9-A845A85081E6}.Debug|iPhone.Build.0 = Debug|Any CPU
		{34568C74-8D7A-41DB-81B9-A845A85081E6}.Debug|iPhoneSimulator.ActiveCfg = Debug|Any CPU
		{34568C74-8D7A-41DB-81B9-A845A85081E6}.Debug|iPhoneSimulator.Build.0 = Debug|Any CPU
		{34568C74-8D7A-41DB-81B9-A845A85081E6}.Debug|x64.ActiveCfg = Debug|Any CPU
		{34568C74-8D7A-41DB-81B9-A845A85081E6}.Debug|x64.Build.0 = Debug|Any CPU
		{34568C74-8D7A-41DB-81B9-A845A85081E6}.Debug|x86.ActiveCfg = Debug|Any CPU
		{34568C74-8D7A-41DB-81B9-A845A85081E6}.Debug|x86.Build.0 = Debug|Any CPU
		{34568C74-8D7A-41DB-81B9-A845A85081E6}.Release|Any CPU.ActiveCfg = Release|Any CPU
		{34568C74-8D7A-41DB-81B9-A845A85081E6}.Release|Any CPU.Build.0 = Release|Any CPU
		{34568C74-8D7A-41DB-81B9-A845A85081E6}.Release|ARM.ActiveCfg = Release|Any CPU
		{34568C74-8D7A-41DB-81B9-A845A85081E6}.Release|ARM.Build.0 = Release|Any CPU
		{34568C74-8D7A-41DB-81B9-A845A85081E6}.Release|iPhone.ActiveCfg = Release|Any CPU
		{34568C74-8D7A-41DB-81B9-A845A85081E6}.Release|iPhone.Build.0 = Release|Any CPU
		{34568C74-8D7A-41DB-81B9-A845A85081E6}.Release|iPhoneSimulator.ActiveCfg = Release|Any CPU
		{34568C74-8D7A-41DB-81B9-A845A85081E6}.Release|iPhoneSimulator.Build.0 = Release|Any CPU
		{34568C74-8D7A-41DB-81B9-A845A85081E6}.Release|x64.ActiveCfg = Release|Any CPU
		{34568C74-8D7A-41DB-81B9-A845A85081E6}.Release|x64.Build.0 = Release|Any CPU
		{34568C74-8D7A-41DB-81B9-A845A85081E6}.Release|x86.ActiveCfg = Release|Any CPU
		{34568C74-8D7A-41DB-81B9-A845A85081E6}.Release|x86.Build.0 = Release|Any CPU
		{60A20F5C-A167-4E32-9BAB-3F3962C2FAD5}.Ad-Hoc|Any CPU.ActiveCfg = Release|Any CPU
		{60A20F5C-A167-4E32-9BAB-3F3962C2FAD5}.Ad-Hoc|Any CPU.Build.0 = Release|Any CPU
		{60A20F5C-A167-4E32-9BAB-3F3962C2FAD5}.Ad-Hoc|ARM.ActiveCfg = Release|Any CPU
		{60A20F5C-A167-4E32-9BAB-3F3962C2FAD5}.Ad-Hoc|ARM.Build.0 = Release|Any CPU
		{60A20F5C-A167-4E32-9BAB-3F3962C2FAD5}.Ad-Hoc|iPhone.ActiveCfg = Release|Any CPU
		{60A20F5C-A167-4E32-9BAB-3F3962C2FAD5}.Ad-Hoc|iPhone.Build.0 = Release|Any CPU
		{60A20F5C-A167-4E32-9BAB-3F3962C2FAD5}.Ad-Hoc|iPhoneSimulator.ActiveCfg = Release|Any CPU
		{60A20F5C-A167-4E32-9BAB-3F3962C2FAD5}.Ad-Hoc|iPhoneSimulator.Build.0 = Release|Any CPU
		{60A20F5C-A167-4E32-9BAB-3F3962C2FAD5}.Ad-Hoc|x64.ActiveCfg = Release|Any CPU
		{60A20F5C-A167-4E32-9BAB-3F3962C2FAD5}.Ad-Hoc|x64.Build.0 = Release|Any CPU
		{60A20F5C-A167-4E32-9BAB-3F3962C2FAD5}.Ad-Hoc|x86.ActiveCfg = Release|Any CPU
		{60A20F5C-A167-4E32-9BAB-3F3962C2FAD5}.Ad-Hoc|x86.Build.0 = Release|Any CPU
		{60A20F5C-A167-4E32-9BAB-3F3962C2FAD5}.AppStore|Any CPU.ActiveCfg = Release|Any CPU
		{60A20F5C-A167-4E32-9BAB-3F3962C2FAD5}.AppStore|Any CPU.Build.0 = Release|Any CPU
		{60A20F5C-A167-4E32-9BAB-3F3962C2FAD5}.AppStore|ARM.ActiveCfg = Release|Any CPU
		{60A20F5C-A167-4E32-9BAB-3F3962C2FAD5}.AppStore|ARM.Build.0 = Release|Any CPU
		{60A20F5C-A167-4E32-9BAB-3F3962C2FAD5}.AppStore|iPhone.ActiveCfg = Release|Any CPU
		{60A20F5C-A167-4E32-9BAB-3F3962C2FAD5}.AppStore|iPhone.Build.0 = Release|Any CPU
		{60A20F5C-A167-4E32-9BAB-3F3962C2FAD5}.AppStore|iPhoneSimulator.ActiveCfg = Release|Any CPU
		{60A20F5C-A167-4E32-9BAB-3F3962C2FAD5}.AppStore|iPhoneSimulator.Build.0 = Release|Any CPU
		{60A20F5C-A167-4E32-9BAB-3F3962C2FAD5}.AppStore|x64.ActiveCfg = Release|Any CPU
		{60A20F5C-A167-4E32-9BAB-3F3962C2FAD5}.AppStore|x64.Build.0 = Release|Any CPU
		{60A20F5C-A167-4E32-9BAB-3F3962C2FAD5}.AppStore|x86.ActiveCfg = Release|Any CPU
		{60A20F5C-A167-4E32-9BAB-3F3962C2FAD5}.AppStore|x86.Build.0 = Release|Any CPU
		{60A20F5C-A167-4E32-9BAB-3F3962C2FAD5}.Debug|Any CPU.ActiveCfg = Debug|Any CPU
		{60A20F5C-A167-4E32-9BAB-3F3962C2FAD5}.Debug|Any CPU.Build.0 = Debug|Any CPU
		{60A20F5C-A167-4E32-9BAB-3F3962C2FAD5}.Debug|Any CPU.Deploy.0 = Debug|Any CPU
		{60A20F5C-A167-4E32-9BAB-3F3962C2FAD5}.Debug|ARM.ActiveCfg = Debug|Any CPU
		{60A20F5C-A167-4E32-9BAB-3F3962C2FAD5}.Debug|ARM.Build.0 = Debug|Any CPU
		{60A20F5C-A167-4E32-9BAB-3F3962C2FAD5}.Debug|iPhone.ActiveCfg = Debug|Any CPU
		{60A20F5C-A167-4E32-9BAB-3F3962C2FAD5}.Debug|iPhone.Build.0 = Debug|Any CPU
		{60A20F5C-A167-4E32-9BAB-3F3962C2FAD5}.Debug|iPhoneSimulator.ActiveCfg = Debug|Any CPU
		{60A20F5C-A167-4E32-9BAB-3F3962C2FAD5}.Debug|iPhoneSimulator.Build.0 = Debug|Any CPU
		{60A20F5C-A167-4E32-9BAB-3F3962C2FAD5}.Debug|x64.ActiveCfg = Debug|Any CPU
		{60A20F5C-A167-4E32-9BAB-3F3962C2FAD5}.Debug|x64.Build.0 = Debug|Any CPU
		{60A20F5C-A167-4E32-9BAB-3F3962C2FAD5}.Debug|x86.ActiveCfg = Debug|Any CPU
		{60A20F5C-A167-4E32-9BAB-3F3962C2FAD5}.Debug|x86.Build.0 = Debug|Any CPU
		{60A20F5C-A167-4E32-9BAB-3F3962C2FAD5}.Release|Any CPU.ActiveCfg = Release|Any CPU
		{60A20F5C-A167-4E32-9BAB-3F3962C2FAD5}.Release|Any CPU.Build.0 = Release|Any CPU
		{60A20F5C-A167-4E32-9BAB-3F3962C2FAD5}.Release|Any CPU.Deploy.0 = Release|Any CPU
		{60A20F5C-A167-4E32-9BAB-3F3962C2FAD5}.Release|ARM.ActiveCfg = Release|Any CPU
		{60A20F5C-A167-4E32-9BAB-3F3962C2FAD5}.Release|ARM.Build.0 = Release|Any CPU
		{60A20F5C-A167-4E32-9BAB-3F3962C2FAD5}.Release|iPhone.ActiveCfg = Release|Any CPU
		{60A20F5C-A167-4E32-9BAB-3F3962C2FAD5}.Release|iPhone.Build.0 = Release|Any CPU
		{60A20F5C-A167-4E32-9BAB-3F3962C2FAD5}.Release|iPhoneSimulator.ActiveCfg = Release|Any CPU
		{60A20F5C-A167-4E32-9BAB-3F3962C2FAD5}.Release|iPhoneSimulator.Build.0 = Release|Any CPU
		{60A20F5C-A167-4E32-9BAB-3F3962C2FAD5}.Release|x64.ActiveCfg = Release|Any CPU
		{60A20F5C-A167-4E32-9BAB-3F3962C2FAD5}.Release|x64.Build.0 = Release|Any CPU
		{60A20F5C-A167-4E32-9BAB-3F3962C2FAD5}.Release|x86.ActiveCfg = Release|Any CPU
		{60A20F5C-A167-4E32-9BAB-3F3962C2FAD5}.Release|x86.Build.0 = Release|Any CPU
		{B7DF6135-B69B-4F41-989D-C0FE4042D449}.Ad-Hoc|Any CPU.ActiveCfg = Release|Any CPU
		{B7DF6135-B69B-4F41-989D-C0FE4042D449}.Ad-Hoc|Any CPU.Build.0 = Release|Any CPU
		{B7DF6135-B69B-4F41-989D-C0FE4042D449}.Ad-Hoc|ARM.ActiveCfg = Release|Any CPU
		{B7DF6135-B69B-4F41-989D-C0FE4042D449}.Ad-Hoc|ARM.Build.0 = Release|Any CPU
		{B7DF6135-B69B-4F41-989D-C0FE4042D449}.Ad-Hoc|iPhone.ActiveCfg = Release|Any CPU
		{B7DF6135-B69B-4F41-989D-C0FE4042D449}.Ad-Hoc|iPhone.Build.0 = Release|Any CPU
		{B7DF6135-B69B-4F41-989D-C0FE4042D449}.Ad-Hoc|iPhoneSimulator.ActiveCfg = Release|Any CPU
		{B7DF6135-B69B-4F41-989D-C0FE4042D449}.Ad-Hoc|iPhoneSimulator.Build.0 = Release|Any CPU
		{B7DF6135-B69B-4F41-989D-C0FE4042D449}.Ad-Hoc|x64.ActiveCfg = Release|Any CPU
		{B7DF6135-B69B-4F41-989D-C0FE4042D449}.Ad-Hoc|x64.Build.0 = Release|Any CPU
		{B7DF6135-B69B-4F41-989D-C0FE4042D449}.Ad-Hoc|x86.ActiveCfg = Release|Any CPU
		{B7DF6135-B69B-4F41-989D-C0FE4042D449}.Ad-Hoc|x86.Build.0 = Release|Any CPU
		{B7DF6135-B69B-4F41-989D-C0FE4042D449}.AppStore|Any CPU.ActiveCfg = Release|Any CPU
		{B7DF6135-B69B-4F41-989D-C0FE4042D449}.AppStore|Any CPU.Build.0 = Release|Any CPU
		{B7DF6135-B69B-4F41-989D-C0FE4042D449}.AppStore|ARM.ActiveCfg = Release|Any CPU
		{B7DF6135-B69B-4F41-989D-C0FE4042D449}.AppStore|ARM.Build.0 = Release|Any CPU
		{B7DF6135-B69B-4F41-989D-C0FE4042D449}.AppStore|iPhone.ActiveCfg = Release|Any CPU
		{B7DF6135-B69B-4F41-989D-C0FE4042D449}.AppStore|iPhone.Build.0 = Release|Any CPU
		{B7DF6135-B69B-4F41-989D-C0FE4042D449}.AppStore|iPhoneSimulator.ActiveCfg = Release|Any CPU
		{B7DF6135-B69B-4F41-989D-C0FE4042D449}.AppStore|iPhoneSimulator.Build.0 = Release|Any CPU
		{B7DF6135-B69B-4F41-989D-C0FE4042D449}.AppStore|x64.ActiveCfg = Release|Any CPU
		{B7DF6135-B69B-4F41-989D-C0FE4042D449}.AppStore|x64.Build.0 = Release|Any CPU
		{B7DF6135-B69B-4F41-989D-C0FE4042D449}.AppStore|x86.ActiveCfg = Release|Any CPU
		{B7DF6135-B69B-4F41-989D-C0FE4042D449}.AppStore|x86.Build.0 = Release|Any CPU
		{B7DF6135-B69B-4F41-989D-C0FE4042D449}.Debug|Any CPU.ActiveCfg = Debug|Any CPU
		{B7DF6135-B69B-4F41-989D-C0FE4042D449}.Debug|Any CPU.Build.0 = Debug|Any CPU
		{B7DF6135-B69B-4F41-989D-C0FE4042D449}.Debug|ARM.ActiveCfg = Debug|Any CPU
		{B7DF6135-B69B-4F41-989D-C0FE4042D449}.Debug|ARM.Build.0 = Debug|Any CPU
		{B7DF6135-B69B-4F41-989D-C0FE4042D449}.Debug|iPhone.ActiveCfg = Debug|Any CPU
		{B7DF6135-B69B-4F41-989D-C0FE4042D449}.Debug|iPhone.Build.0 = Debug|Any CPU
		{B7DF6135-B69B-4F41-989D-C0FE4042D449}.Debug|iPhoneSimulator.ActiveCfg = Debug|Any CPU
		{B7DF6135-B69B-4F41-989D-C0FE4042D449}.Debug|iPhoneSimulator.Build.0 = Debug|Any CPU
		{B7DF6135-B69B-4F41-989D-C0FE4042D449}.Debug|x64.ActiveCfg = Debug|Any CPU
		{B7DF6135-B69B-4F41-989D-C0FE4042D449}.Debug|x64.Build.0 = Debug|Any CPU
		{B7DF6135-B69B-4F41-989D-C0FE4042D449}.Debug|x86.ActiveCfg = Debug|Any CPU
		{B7DF6135-B69B-4F41-989D-C0FE4042D449}.Debug|x86.Build.0 = Debug|Any CPU
		{B7DF6135-B69B-4F41-989D-C0FE4042D449}.Release|Any CPU.ActiveCfg = Release|Any CPU
		{B7DF6135-B69B-4F41-989D-C0FE4042D449}.Release|Any CPU.Build.0 = Release|Any CPU
		{B7DF6135-B69B-4F41-989D-C0FE4042D449}.Release|ARM.ActiveCfg = Release|Any CPU
		{B7DF6135-B69B-4F41-989D-C0FE4042D449}.Release|ARM.Build.0 = Release|Any CPU
		{B7DF6135-B69B-4F41-989D-C0FE4042D449}.Release|iPhone.ActiveCfg = Release|Any CPU
		{B7DF6135-B69B-4F41-989D-C0FE4042D449}.Release|iPhone.Build.0 = Release|Any CPU
		{B7DF6135-B69B-4F41-989D-C0FE4042D449}.Release|iPhoneSimulator.ActiveCfg = Release|Any CPU
		{B7DF6135-B69B-4F41-989D-C0FE4042D449}.Release|iPhoneSimulator.Build.0 = Release|Any CPU
		{B7DF6135-B69B-4F41-989D-C0FE4042D449}.Release|x64.ActiveCfg = Release|Any CPU
		{B7DF6135-B69B-4F41-989D-C0FE4042D449}.Release|x64.Build.0 = Release|Any CPU
		{B7DF6135-B69B-4F41-989D-C0FE4042D449}.Release|x86.ActiveCfg = Release|Any CPU
		{B7DF6135-B69B-4F41-989D-C0FE4042D449}.Release|x86.Build.0 = Release|Any CPU
		{42EA621C-A990-4A8F-9637-89CA7664D577}.Ad-Hoc|Any CPU.ActiveCfg = Release|x64
		{42EA621C-A990-4A8F-9637-89CA7664D577}.Ad-Hoc|Any CPU.Build.0 = Release|x64
		{42EA621C-A990-4A8F-9637-89CA7664D577}.Ad-Hoc|Any CPU.Deploy.0 = Release|x64
		{42EA621C-A990-4A8F-9637-89CA7664D577}.Ad-Hoc|ARM.ActiveCfg = Release|ARM
		{42EA621C-A990-4A8F-9637-89CA7664D577}.Ad-Hoc|ARM.Build.0 = Release|ARM
		{42EA621C-A990-4A8F-9637-89CA7664D577}.Ad-Hoc|ARM.Deploy.0 = Release|ARM
		{42EA621C-A990-4A8F-9637-89CA7664D577}.Ad-Hoc|ARM64.ActiveCfg = Release|ARM64
		{42EA621C-A990-4A8F-9637-89CA7664D577}.Ad-Hoc|ARM64.Build.0 = Release|ARM64
		{42EA621C-A990-4A8F-9637-89CA7664D577}.Ad-Hoc|ARM64.Deploy.0 = Release|ARM64
		{42EA621C-A990-4A8F-9637-89CA7664D577}.Ad-Hoc|iPhone.ActiveCfg = Release|x64
		{42EA621C-A990-4A8F-9637-89CA7664D577}.Ad-Hoc|iPhone.Build.0 = Release|x64
		{42EA621C-A990-4A8F-9637-89CA7664D577}.Ad-Hoc|iPhone.Deploy.0 = Release|x64
		{42EA621C-A990-4A8F-9637-89CA7664D577}.Ad-Hoc|iPhoneSimulator.ActiveCfg = Release|x64
		{42EA621C-A990-4A8F-9637-89CA7664D577}.Ad-Hoc|iPhoneSimulator.Build.0 = Release|x64
		{42EA621C-A990-4A8F-9637-89CA7664D577}.Ad-Hoc|iPhoneSimulator.Deploy.0 = Release|x64
		{42EA621C-A990-4A8F-9637-89CA7664D577}.Ad-Hoc|x64.ActiveCfg = Release|x64
		{42EA621C-A990-4A8F-9637-89CA7664D577}.Ad-Hoc|x64.Build.0 = Release|x64
		{42EA621C-A990-4A8F-9637-89CA7664D577}.Ad-Hoc|x64.Deploy.0 = Release|x64
		{42EA621C-A990-4A8F-9637-89CA7664D577}.Ad-Hoc|x86.ActiveCfg = Release|x86
		{42EA621C-A990-4A8F-9637-89CA7664D577}.Ad-Hoc|x86.Build.0 = Release|x86
		{42EA621C-A990-4A8F-9637-89CA7664D577}.Ad-Hoc|x86.Deploy.0 = Release|x86
		{42EA621C-A990-4A8F-9637-89CA7664D577}.AppStore|Any CPU.ActiveCfg = Release|x64
		{42EA621C-A990-4A8F-9637-89CA7664D577}.AppStore|Any CPU.Build.0 = Release|x64
		{42EA621C-A990-4A8F-9637-89CA7664D577}.AppStore|Any CPU.Deploy.0 = Release|x64
		{42EA621C-A990-4A8F-9637-89CA7664D577}.AppStore|ARM.ActiveCfg = Release|ARM
		{42EA621C-A990-4A8F-9637-89CA7664D577}.AppStore|ARM.Build.0 = Release|ARM
		{42EA621C-A990-4A8F-9637-89CA7664D577}.AppStore|ARM.Deploy.0 = Release|ARM
		{42EA621C-A990-4A8F-9637-89CA7664D577}.AppStore|ARM64.ActiveCfg = Release|ARM64
		{42EA621C-A990-4A8F-9637-89CA7664D577}.AppStore|ARM64.Build.0 = Release|ARM64
		{42EA621C-A990-4A8F-9637-89CA7664D577}.AppStore|ARM64.Deploy.0 = Release|ARM64
		{42EA621C-A990-4A8F-9637-89CA7664D577}.AppStore|iPhone.ActiveCfg = Release|x64
		{42EA621C-A990-4A8F-9637-89CA7664D577}.AppStore|iPhone.Build.0 = Release|x64
		{42EA621C-A990-4A8F-9637-89CA7664D577}.AppStore|iPhone.Deploy.0 = Release|x64
		{42EA621C-A990-4A8F-9637-89CA7664D577}.AppStore|iPhoneSimulator.ActiveCfg = Release|x64
		{42EA621C-A990-4A8F-9637-89CA7664D577}.AppStore|iPhoneSimulator.Build.0 = Release|x64
		{42EA621C-A990-4A8F-9637-89CA7664D577}.AppStore|iPhoneSimulator.Deploy.0 = Release|x64
		{42EA621C-A990-4A8F-9637-89CA7664D577}.AppStore|x64.ActiveCfg = Release|x64
		{42EA621C-A990-4A8F-9637-89CA7664D577}.AppStore|x64.Build.0 = Release|x64
		{42EA621C-A990-4A8F-9637-89CA7664D577}.AppStore|x64.Deploy.0 = Release|x64
		{42EA621C-A990-4A8F-9637-89CA7664D577}.AppStore|x86.ActiveCfg = Release|x86
		{42EA621C-A990-4A8F-9637-89CA7664D577}.AppStore|x86.Build.0 = Release|x86
		{42EA621C-A990-4A8F-9637-89CA7664D577}.AppStore|x86.Deploy.0 = Release|x86
		{42EA621C-A990-4A8F-9637-89CA7664D577}.Debug|Any CPU.ActiveCfg = Debug|x86
		{42EA621C-A990-4A8F-9637-89CA7664D577}.Debug|ARM.ActiveCfg = Debug|ARM
		{42EA621C-A990-4A8F-9637-89CA7664D577}.Debug|ARM.Build.0 = Debug|ARM
		{42EA621C-A990-4A8F-9637-89CA7664D577}.Debug|ARM.Deploy.0 = Debug|ARM
		{42EA621C-A990-4A8F-9637-89CA7664D577}.Debug|ARM64.ActiveCfg = Debug|ARM64
		{42EA621C-A990-4A8F-9637-89CA7664D577}.Debug|ARM64.Build.0 = Debug|ARM64
		{42EA621C-A990-4A8F-9637-89CA7664D577}.Debug|ARM64.Deploy.0 = Debug|ARM64
		{42EA621C-A990-4A8F-9637-89CA7664D577}.Debug|iPhone.ActiveCfg = Debug|x86
		{42EA621C-A990-4A8F-9637-89CA7664D577}.Debug|iPhoneSimulator.ActiveCfg = Debug|x86
		{42EA621C-A990-4A8F-9637-89CA7664D577}.Debug|x64.ActiveCfg = Debug|x64
		{42EA621C-A990-4A8F-9637-89CA7664D577}.Debug|x64.Build.0 = Debug|x64
		{42EA621C-A990-4A8F-9637-89CA7664D577}.Debug|x64.Deploy.0 = Debug|x64
		{42EA621C-A990-4A8F-9637-89CA7664D577}.Debug|x86.ActiveCfg = Debug|x86
		{42EA621C-A990-4A8F-9637-89CA7664D577}.Debug|x86.Build.0 = Debug|x86
		{42EA621C-A990-4A8F-9637-89CA7664D577}.Debug|x86.Deploy.0 = Debug|x86
		{42EA621C-A990-4A8F-9637-89CA7664D577}.Release|Any CPU.ActiveCfg = Release|x86
		{42EA621C-A990-4A8F-9637-89CA7664D577}.Release|ARM.ActiveCfg = Release|ARM
		{42EA621C-A990-4A8F-9637-89CA7664D577}.Release|ARM.Build.0 = Release|ARM
		{42EA621C-A990-4A8F-9637-89CA7664D577}.Release|ARM.Deploy.0 = Release|ARM
		{42EA621C-A990-4A8F-9637-89CA7664D577}.Release|ARM64.ActiveCfg = Release|ARM64
		{42EA621C-A990-4A8F-9637-89CA7664D577}.Release|ARM64.Build.0 = Release|ARM64
		{42EA621C-A990-4A8F-9637-89CA7664D577}.Release|ARM64.Deploy.0 = Release|ARM64
		{42EA621C-A990-4A8F-9637-89CA7664D577}.Release|iPhone.ActiveCfg = Release|x86
		{42EA621C-A990-4A8F-9637-89CA7664D577}.Release|iPhoneSimulator.ActiveCfg = Release|x86
		{42EA621C-A990-4A8F-9637-89CA7664D577}.Release|x64.ActiveCfg = Release|x64
		{42EA621C-A990-4A8F-9637-89CA7664D577}.Release|x64.Build.0 = Release|x64
		{42EA621C-A990-4A8F-9637-89CA7664D577}.Release|x64.Deploy.0 = Release|x64
		{42EA621C-A990-4A8F-9637-89CA7664D577}.Release|x86.ActiveCfg = Release|x86
		{42EA621C-A990-4A8F-9637-89CA7664D577}.Release|x86.Build.0 = Release|x86
		{42EA621C-A990-4A8F-9637-89CA7664D577}.Release|x86.Deploy.0 = Release|x86
	EndGlobalSection
	GlobalSection(SolutionProperties) = preSolution
		HideSolutionNode = FALSE
	EndGlobalSection
	GlobalSection(ExtensibilityGlobals) = postSolution
		SolutionGuid = {F6D05029-56B8-4E45-AF2D-0E76295DDBA2}
	EndGlobalSection
EndGlobal
